# This file is automatically @generated by Cargo.
# It is not intended for manual editing.
version = 3

[[package]]
name = "anyhow"
version = "1.0.75"
source = "registry+https://github.com/rust-lang/crates.io-index"
checksum = "a4668cab20f66d8d020e1fbc0ebe47217433c1b6c8f2040faf858554e394ace6"

[[package]]
name = "env_logger"
version = "0.10.0"
source = "registry+https://github.com/rust-lang/crates.io-index"
checksum = "85cdab6a89accf66733ad5a1693a4dcced6aeff64602b634530dd73c1f3ee9f0"
dependencies = [
 "log",
]

[[package]]
name = "log"
version = "0.4.20"
source = "registry+https://github.com/rust-lang/crates.io-index"
checksum = "b5e6163cb8c49088c2c36f57875e58ccd8c87c7427f7fbd50ea6710b2f3f2e8f"

[[package]]
name = "pico-args"
version = "0.5.0"
source = "registry+https://github.com/rust-lang/crates.io-index"
checksum = "5be167a7af36ee22fe3115051bc51f6e6c7054c9348e28deb4f49bd6f705a315"

[[package]]
name = "regex-lite"
version = "0.1.5"
source = "registry+https://github.com/rust-lang/crates.io-index"
checksum = "30b661b2f27137bdbc16f00eda72866a92bb28af1753ffbd56744fb6e2e9cd8e"

[[package]]
name = "xshell"
version = "0.2.5"
source = "registry+https://github.com/rust-lang/crates.io-index"
checksum = "ce2107fe03e558353b4c71ad7626d58ed82efaf56c54134228608893c77023ad"
dependencies = [
 "xshell-macros",
]

[[package]]
name = "xshell-macros"
version = "0.2.5"
source = "registry+https://github.com/rust-lang/crates.io-index"
checksum = "7e2c411759b501fb9501aac2b1b2d287a6e93e5bdcf13c25306b23e1b716dd0e"

[[package]]
name = "xtask"
version = "0.1.0"
dependencies = [
 "anyhow",
 "env_logger",
 "log",
 "pico-args",
 "regex-lite",
 "xshell",
]
