[io]
sha256 = "7210e5653539a15478f894d4da24cc69d61924cbcba21d2804d69314a88e5a4c"
sha512 = "49184a1b0945a889abd52d25271172ed3dc2db6968fcdddb1bab7ee0081f4a3eeee0977ad2291126a37631c0d86eeea75d822fa8af224c422134500bf9f0f2bb"

[webgpu]
url = "https://github.com/MendyBerger/wasi-webgpu/archive/b20c0ec4eb20851dcd6c535af30757a45b8968af/main.tar.gz"
sha256 = "559e02a0d1165e35c0ff3ba78d37a110aa7b7f28d14c098f94711c644c61d496"
sha512 = "513fc06b5a98fef68b5ddb7d499836b3f3fc26c80c1532dd67760796af86c8d55a8a905780805b979c90e3618c304796374779bbb1ad58cfbcb1b702ded4af20"
deps = ["io"]
