[io]
sha256 = "7210e5653539a15478f894d4da24cc69d61924cbcba21d2804d69314a88e5a4c"
sha512 = "49184a1b0945a889abd52d25271172ed3dc2db6968fcdddb1bab7ee0081f4a3eeee0977ad2291126a37631c0d86eeea75d822fa8af224c422134500bf9f0f2bb"

[webgpu]
url = "https://github.com/WebAssembly/wasi-webgpu/archive/d9210ac14fb10ccb20ca9f3d3c4ce371cccb053b.tar.gz"
sha256 = "f804381fa7e8230194690bdea5fefbfa74cc9971c344607363b239f004c40075"
sha512 = "5d4173c560650f8dad0f18a895184ee33d7aab0e7f0469e3132ba020b493d635595475e5629db0a8c30d73ac8c8d3f37d81c87ded240ee0086a0cd66e1e5c20e"
deps = ["io"]
